
Microsoft Visual Studio Solution File, Format Version 12.00
# Visual Studio Version 17
VisualStudioVersion = 17.8.34309.116
MinimumVisualStudioVersion = 10.0.40219.1
Project("{FAE04EC0-301F-11D3-BF4B-00C04F79EFBC}") = "SportStore", "SportStore\SportStore.csproj", "{7A0B5408-C34E-43DF-9A3A-5D9821CF4953}"
EndProject
Global
	GlobalSection(SolutionConfigurationPlatforms) = preSolution
		Debug|Any CPU = Debug|Any CPU
		Release|Any CPU = Release|Any CPU
	EndGlobalSection
	GlobalSection(ProjectConfigurationPlatforms) = postSolution
		{7A0B5408-C34E-43DF-9A3A-5D9821CF4953}.Debug|Any CPU.ActiveCfg = Debug|Any CPU
		{7A0B5408-C34E-43DF-9A3A-5D9821CF4953}.Debug|Any CPU.Build.0 = Debug|Any CPU
		{7A0B5408-C34E-43DF-9A3A-5D9821CF4953}.Release|Any CPU.ActiveCfg = Release|Any CPU
		{7A0B5408-C34E-43DF-9A3A-5D9821CF4953}.Release|Any CPU.Build.0 = Release|Any CPU
	EndGlobalSection
	GlobalSection(SolutionProperties) = preSolution
		HideSolutionNode = FALSE
	EndGlobalSection
	GlobalSection(ExtensibilityGlobals) = postSolution
		SolutionGuid = {85181991-B7FA-48AB-9B83-A39AE5FA9503}
	EndGlobalSection
EndGlobal
